// area_of_circle.cpp : Bu dosya 'main' işlevi içeriyor. Program yürütme orada başlayıp biter.
//

#include <iostream>
#define PI 3.14


int main()
{
    double radius, area, circumference;

    std::cout << "Enter the radius of the circle:";
    std::cin >> radius;

    area = PI * radius * radius;
    circumference = 2 * PI * radius;

    std::cout << "Area of the circle:" << area << std::endl;
    std::cout << "Circumference of the circle :" << circumference << std::endl;

    return 0;
}

// 
