// convertingtemperature.cpp : Bu dosya 'main' işlevi içeriyor. Program yürütme orada başlayıp biter.
//

#include <iostream>
using namespace std;

int main() {
    double temp;
    char unit;

    cout << "Enter temperature value: ";
    cin >> temp;

    cout << "Enter unit (C = Celcius, F = Fahrenheit, K = Kelvin): ";
    cin >> unit;

    switch (unit) {
    case 'C':
        cout << "Fahrenheit: " << (temp * 9 / 5) + 32 << endl;
        cout << "Kelvin: " << temp + 273.15 << endl;
        break;

    case 'F':
        cout << "Celcius: " << (temp - 32) * 5 / 9 << endl;
        cout << "Kelvin: " << ((temp - 32) * 5 / 9) + 273.15 << endl;
        break;

    case 'K':
        cout << "Celcius: " << temp - 273.15 << endl;
        cout << "Fahrenheit: " << ((temp - 273.15) * 9 / 5) + 32 << endl;
        break;

    default:
        cout << "Invalid unit entered." << endl;
    }

    return 0;
}
